// !$*UTF8*$!
{
	archiveVersion = 1;
	classes = {
	};
	objectVersion = 50;
	objects = {

/* Begin PBXBuildFile section */
		FDAC30D623712FE2007EB9B2 /* AppDelegate.swift in Sources */ = {isa = PBXBuildFile; fileRef = FDAC30D523712FE2007EB9B2 /* AppDelegate.swift */; };
		FDAC30D823712FE2007EB9B2 /* ViewController.swift in Sources */ = {isa = PBXBuildFile; fileRef = FDAC30D723712FE2007EB9B2 /* ViewController.swift */; };
		FDAC30DB23712FE2007EB9B2 /* Main.storyboard in Resources */ = {isa = PBXBuildFile; fileRef = FDAC30D923712FE2007EB9B2 /* Main.storyboard */; };
		FDAC30DE23712FE2007EB9B2 /* _105Test1.xcdatamodeld in Sources */ = {isa = PBXBuildFile; fileRef = FDAC30DC23712FE2007EB9B2 /* _105Test1.xcdatamodeld */; };
		FDAC30E023712FE3007EB9B2 /* Assets.xcassets in Resources */ = {isa = PBXBuildFile; fileRef = FDAC30DF23712FE3007EB9B2 /* Assets.xcassets */; };
		FDAC30E323712FE3007EB9B2 /* LaunchScreen.storyboard in Resources */ = {isa = PBXBuildFile; fileRef = FDAC30E123712FE3007EB9B2 /* LaunchScreen.storyboard */; };
		FDAC30EC23712FED007EB9B2 /* MapKit.framework in Frameworks */ = {isa = PBXBuildFile; fileRef = FDAC30EB23712FED007EB9B2 /* MapKit.framework */; };
		FDAC30EE23713012007EB9B2 /* CoreLocation.framework in Frameworks */ = {isa = PBXBuildFile; fileRef = FDAC30ED23713012007EB9B2 /* CoreLocation.framework */; };
/* End PBXBuildFile section */

/* Begin PBXFileReference section */
		FDAC30D223712FE2007EB9B2 /* 1105Test1.app */ = {isa = PBXFileReference; explicitFileType = wrapper.application; includeInIndex = 0; path = 1105Test1.app; sourceTree = BUILT_PRODUCTS_DIR; };
		FDAC30D523712FE2007EB9B2 /* AppDelegate.swift */ = {isa = PBXFileReference; lastKnownFileType = sourcecode.swift; path = AppDelegate.swift; sourceTree = "<group>"; };
		FDAC30D723712FE2007EB9B2 /* ViewController.swift */ = {isa = PBXFileReference; lastKnownFileType = sourcecode.swift; path = ViewController.swift; sourceTree = "<group>"; };
		FDAC30DA23712FE2007EB9B2 /* Base */ = {isa = PBXFileReference; lastKnownFileType = file.storyboard; name = Base; path = Base.lproj/Main.storyboard; sourceTree = "<group>"; };
		FDAC30DD23712FE2007EB9B2 /* _105Test1.xcdatamodel */ = {isa = PBXFileReference; lastKnownFileType = wrapper.xcdatamodel; path = _105Test1.xcdatamodel; sourceTree = "<group>"; };
		FDAC30DF23712FE3007EB9B2 /* Assets.xcassets */ = {isa = PBXFileReference; lastKnownFileType = folder.assetcatalog; path = Assets.xcassets; sourceTree = "<group>"; };
		FDAC30E223712FE3007EB9B2 /* Base */ = {isa = PBXFileReference; lastKnownFileType = file.storyboard; name = Base; path = Base.lproj/LaunchScreen.storyboard; sourceTree = "<group>"; };
		FDAC30E423712FE3007EB9B2 /* Info.plist */ = {isa = PBXFileReference; lastKnownFileType = text.plist.xml; path = Info.plist; sourceTree = "<group>"; };
		FDAC30EB23712FED007EB9B2 /* MapKit.framework */ = {isa = PBXFileReference; lastKnownFileType = wrapper.framework; name = MapKit.framework; path = System/Library/Frameworks/MapKit.framework; sourceTree = SDKROOT; };
		FDAC30ED23713012007EB9B2 /* CoreLocation.framework */ = {isa = PBXFileReference; lastKnownFileType = wrapper.framework; name = CoreLocation.framework; path = System/Library/Frameworks/CoreLocation.framework; sourceTree = SDKROOT; };
/* End PBXFileReference section */

/* Begin PBXFrameworksBuildPhase section */
		FDAC30CF23712FE2007EB9B2 /* Frameworks */ = {
			isa = PBXFrameworksBuildPhase;
			buildActionMask = 2147483647;
			files = (
				FDAC30EE23713012007EB9B2 /* CoreLocation.framework in Frameworks */,
				FDAC30EC23712FED007EB9B2 /* MapKit.framework in Frameworks */,
			);
			runOnlyForDeploymentPostprocessing = 0;
		};
/* End PBXFrameworksBuildPhase section */

/* Begin PBXGroup section */
		FDAC30C923712FE2007EB9B2 = {
			isa = PBXGroup;
			children = (
				FDAC30D423712FE2007EB9B2 /* 1105Test1 */,
				FDAC30D323712FE2007EB9B2 /* Products */,
				FDAC30EA23712FED007EB9B2 /* Frameworks */,
			);
			sourceTree = "<group>";
		};
		FDAC30D323712FE2007EB9B2 /* Products */ = {
			isa = PBXGroup;
			children = (
				FDAC30D223712FE2007EB9B2 /* 1105Test1.app */,
			);
			name = Products;
			sourceTree = "<group>";
		};
		FDAC30D423712FE2007EB9B2 /* 1105Test1 */ = {
			isa = PBXGroup;
			children = (
				FDAC30D523712FE2007EB9B2 /* AppDelegate.swift */,
				FDAC30D723712FE2007EB9B2 /* ViewController.swift */,
				FDAC30D923712FE2007EB9B2 /* Main.storyboard */,
				FDAC30DF23712FE3007EB9B2 /* Assets.xcassets */,
				FDAC30E123712FE3007EB9B2 /* LaunchScreen.storyboard */,
				FDAC30E423712FE3007EB9B2 /* Info.plist */,
				FDAC30DC23712FE2007EB9B2 /* _105Test1.xcdatamodeld */,
			);
			path = 1105Test1;
			sourceTree = "<group>";
		};
		FDAC30EA23712FED007EB9B2 /* Frameworks */ = {
			isa = PBXGroup;
			children = (
				FDAC30ED23713012007EB9B2 /* CoreLocation.framework */,
				FDAC30EB23712FED007EB9B2 /* MapKit.framework */,
			);
			name = Frameworks;
			sourceTree = "<group>";
		};
/* End PBXGroup section */

/* Begin PBXNativeTarget section */
		FDAC30D123712FE2007EB9B2 /* 1105Test1 */ = {
			isa = PBXNativeTarget;
			buildConfigurationList = FDAC30E723712FE3007EB9B2 /* Build configuration list for PBXNativeTarget "1105Test1" */;
			buildPhases = (
				FDAC30CE23712FE2007EB9B2 /* Sources */,
				FDAC30CF23712FE2007EB9B2 /* Frameworks */,
				FDAC30D023712FE2007EB9B2 /* Resources */,
			);
			buildRules = (
			);
			dependencies = (
			);
			name = 1105Test1;
			productName = 1105Test1;
			productReference = FDAC30D223712FE2007EB9B2 /* 1105Test1.app */;
			productType = "com.apple.product-type.application";
		};
/* End PBXNativeTarget section */

/* Begin PBXProject section */
		FDAC30CA23712FE2007EB9B2 /* Project object */ = {
			isa = PBXProject;
			attributes = {
				LastSwiftUpdateCheck = 1010;
				LastUpgradeCheck = 1010;
				ORGANIZATIONNAME = D7703_23;
				TargetAttributes = {
					FDAC30D123712FE2007EB9B2 = {
						CreatedOnToolsVersion = 10.1;
					};
				};
			};
			buildConfigurationList = FDAC30CD23712FE2007EB9B2 /* Build configuration list for PBXProject "1105Test1" */;
			compatibilityVersion = "Xcode 9.3";
			developmentRegion = en;
			hasScannedForEncodings = 0;
			knownRegions = (
				en,
				Base,
			);
			mainGroup = FDAC30C923712FE2007EB9B2;
			productRefGroup = FDAC30D323712FE2007EB9B2 /* Products */;
			projectDirPath = "";
			projectRoot = "";
			targets = (
				FDAC30D123712FE2007EB9B2 /* 1105Test1 */,
			);
		};
/* End PBXProject section */

/* Begin PBXResourcesBuildPhase section */
		FDAC30D023712FE2007EB9B2 /* Resources */ = {
			isa = PBXResourcesBuildPhase;
			buildActionMask = 2147483647;
			files = (
				FDAC30E323712FE3007EB9B2 /* LaunchScreen.storyboard in Resources */,
				FDAC30E023712FE3007EB9B2 /* Assets.xcassets in Resources */,
				FDAC30DB23712FE2007EB9B2 /* Main.storyboard in Resources */,
			);
			runOnlyForDeploymentPostprocessing = 0;
		};
/* End PBXResourcesBuildPhase section */

/* Begin PBXSourcesBuildPhase section */
		FDAC30CE23712FE2007EB9B2 /* Sources */ = {
			isa = PBXSourcesBuildPhase;
			buildActionMask = 2147483647;
			files = (
				FDAC30D823712FE2007EB9B2 /* ViewController.swift in Sources */,
				FDAC30DE23712FE2007EB9B2 /* _105Test1.xcdatamodeld in Sources */,
				FDAC30D623712FE2007EB9B2 /* AppDelegate.swift in Sources */,
			);
			runOnlyForDeploymentPostprocessing = 0;
		};
/* End PBXSourcesBuildPhase section */

/* Begin PBXVariantGroup section */
		FDAC30D923712FE2007EB9B2 /* Main.storyboard */ = {
			isa = PBXVariantGroup;
			children = (
				FDAC30DA23712FE2007EB9B2 /* Base */,
			);
			name = Main.storyboard;
			sourceTree = "<group>";
		};
		FDAC30E123712FE3007EB9B2 /* LaunchScreen.storyboard */ = {
			isa = PBXVariantGroup;
			children = (
				FDAC30E223712FE3007EB9B2 /* Base */,
			);
			name = LaunchScreen.storyboard;
			sourceTree = "<group>";
		};
/* End PBXVariantGroup section */

/* Begin XCBuildConfiguration section */
		FDAC30E523712FE3007EB9B2 /* Debug */ = {
			isa = XCBuildConfiguration;
			buildSettings = {
				ALWAYS_SEARCH_USER_PATHS = NO;
				CLANG_ANALYZER_NONNULL = YES;
				CLANG_ANALYZER_NUMBER_OBJECT_CONVERSION = YES_AGGRESSIVE;
				CLANG_CXX_LANGUAGE_STANDARD = "gnu++14";
				CLANG_CXX_LIBRARY = "libc++";
				CLANG_ENABLE_MODULES = YES;
				CLANG_ENABLE_OBJC_ARC = YES;
				CLANG_ENABLE_OBJC_WEAK = YES;
				CLANG_WARN_BLOCK_CAPTURE_AUTORELEASING = YES;
				CLANG_WARN_BOOL_CONVERSION = YES;
				CLANG_WARN_COMMA = YES;
				CLANG_WARN_CONSTANT_CONVERSION = YES;
				CLANG_WARN_DEPRECATED_OBJC_IMPLEMENTATIONS = YES;
				CLANG_WARN_DIRECT_OBJC_ISA_USAGE = YES_ERROR;
				CLANG_WARN_DOCUMENTATION_COMMENTS = YES;
				CLANG_WARN_EMPTY_BODY = YES;
				CLANG_WARN_ENUM_CONVERSION = YES;
				CLANG_WARN_INFINITE_RECURSION = YES;
				CLANG_WARN_INT_CONVERSION = YES;
				CLANG_WARN_NON_LITERAL_NULL_CONVERSION = YES;
				CLANG_WARN_OBJC_IMPLICIT_RETAIN_SELF = YES;
				CLANG_WARN_OBJC_LITERAL_CONVERSION = YES;
				CLANG_WARN_OBJC_ROOT_CLASS = YES_ERROR;
				CLANG_WARN_RANGE_LOOP_ANALYSIS = YES;
				CLANG_WARN_STRICT_PROTOTYPES = YES;
				CLANG_WARN_SUSPICIOUS_MOVE = YES;
				CLANG_WARN_UNGUARDED_AVAILABILITY = YES_AGGRESSIVE;
				CLANG_WARN_UNREACHABLE_CODE = YES;
				CLANG_WARN__DUPLICATE_METHOD_MATCH = YES;
				CODE_SIGN_IDENTITY = "iPhone Developer";
				COPY_PHASE_STRIP = NO;
				DEBUG_INFORMATION_FORMAT = dwarf;
				ENABLE_STRICT_OBJC_MSGSEND = YES;
				ENABLE_TESTABILITY = YES;
				GCC_C_LANGUAGE_STANDARD = gnu11;
				GCC_DYNAMIC_NO_PIC = NO;
				GCC_NO_COMMON_BLOCKS = YES;
				GCC_OPTIMIZATION_LEVEL = 0;
				GCC_PREPROCESSOR_DEFINITIONS = (
					"DEBUG=1",
					"$(inherited)",
				);
				GCC_WARN_64_TO_32_BIT_CONVERSION = YES;
				GCC_WARN_ABOUT_RETURN_TYPE = YES_ERROR;
				GCC_WARN_UNDECLARED_SELECTOR = YES;
				GCC_WARN_UNINITIALIZED_AUTOS = YES_AGGRESSIVE;
				GCC_WARN_UNUSED_FUNCTION = YES;
				GCC_WARN_UNUSED_VARIABLE = YES;
				IPHONEOS_DEPLOYMENT_TARGET = 12.1;
				MTL_ENABLE_DEBUG_INFO = INCLUDE_SOURCE;
				MTL_FAST_MATH = YES;
				ONLY_ACTIVE_ARCH = YES;
				SDKROOT = iphoneos;
				SWIFT_ACTIVE_COMPILATION_CONDITIONS = DEBUG;
				SWIFT_OPTIMIZATION_LEVEL = "-Onone";
			};
			name = Debug;
		};
		FDAC30E623712FE3007EB9B2 /* Release */ = {
			isa = XCBuildConfiguration;
			buildSettings = {
				ALWAYS_SEARCH_USER_PATHS = NO;
				CLANG_ANALYZER_NONNULL = YES;
				CLANG_ANALYZER_NUMBER_OBJECT_CONVERSION = YES_AGGRESSIVE;
				CLANG_CXX_LANGUAGE_STANDARD = "gnu++14";
				CLANG_CXX_LIBRARY = "libc++";
				CLANG_ENABLE_MODULES = YES;
				CLANG_ENABLE_OBJC_ARC = YES;
				CLANG_ENABLE_OBJC_WEAK = YES;
				CLANG_WARN_BLOCK_CAPTURE_AUTORELEASING = YES;
				CLANG_WARN_BOOL_CONVERSION = YES;
				CLANG_WARN_COMMA = YES;
				CLANG_WARN_CONSTANT_CONVERSION = YES;
				CLANG_WARN_DEPRECATED_OBJC_IMPLEMENTATIONS = YES;
				CLANG_WARN_DIRECT_OBJC_ISA_USAGE = YES_ERROR;
				CLANG_WARN_DOCUMENTATION_COMMENTS = YES;
				CLANG_WARN_EMPTY_BODY = YES;
				CLANG_WARN_ENUM_CONVERSION = YES;
				CLANG_WARN_INFINITE_RECURSION = YES;
				CLANG_WARN_INT_CONVERSION = YES;
				CLANG_WARN_NON_LITERAL_NULL_CONVERSION = YES;
				CLANG_WARN_OBJC_IMPLICIT_RETAIN_SELF = YES;
				CLANG_WARN_OBJC_LITERAL_CONVERSION = YES;
				CLANG_WARN_OBJC_ROOT_CLASS = YES_ERROR;
				CLANG_WARN_RANGE_LOOP_ANALYSIS = YES;
				CLANG_WARN_STRICT_PROTOTYPES = YES;
				CLANG_WARN_SUSPICIOUS_MOVE = YES;
				CLANG_WARN_UNGUARDED_AVAILABILITY = YES_AGGRESSIVE;
				CLANG_WARN_UNREACHABLE_CODE = YES;
				CLANG_WARN__DUPLICATE_METHOD_MATCH = YES;
				CODE_SIGN_IDENTITY = "iPhone Developer";
				COPY_PHASE_STRIP = NO;
				DEBUG_INFORMATION_FORMAT = "dwarf-with-dsym";
				ENABLE_NS_ASSERTIONS = NO;
				ENABLE_STRICT_OBJC_MSGSEND = YES;
				GCC_C_LANGUAGE_STANDARD = gnu11;
				GCC_NO_COMMON_BLOCKS = YES;
				GCC_WARN_64_TO_32_BIT_CONVERSION = YES;
				GCC_WARN_ABOUT_RETURN_TYPE = YES_ERROR;
				GCC_WARN_UNDECLARED_SELECTOR = YES;
				GCC_WARN_UNINITIALIZED_AUTOS = YES_AGGRESSIVE;
				GCC_WARN_UNUSED_FUNCTION = YES;
				GCC_WARN_UNUSED_VARIABLE = YES;
				IPHONEOS_DEPLOYMENT_TARGET = 12.1;
				MTL_ENABLE_DEBUG_INFO = NO;
				MTL_FAST_MATH = YES;
				SDKROOT = iphoneos;
				SWIFT_COMPILATION_MODE = wholemodule;
				SWIFT_OPTIMIZATION_LEVEL = "-O";
				VALIDATE_PRODUCT = YES;
			};
			name = Release;
		};
		FDAC30E823712FE3007EB9B2 /* Debug */ = {
			isa = XCBuildConfiguration;
			buildSettings = {
				ASSETCATALOG_COMPILER_APPICON_NAME = AppIcon;
				CODE_SIGN_STYLE = Automatic;
				INFOPLIST_FILE = 1105Test1/Info.plist;
				LD_RUNPATH_SEARCH_PATHS = (
					"$(inherited)",
					"@executable_path/Frameworks",
				);
				PRODUCT_BUNDLE_IDENTIFIER = "-.-105Test1";
				PRODUCT_NAME = "$(TARGET_NAME)";
				SWIFT_VERSION = 4.2;
				TARGETED_DEVICE_FAMILY = "1,2";
			};
			name = Debug;
		};
		FDAC30E923712FE3007EB9B2 /* Release */ = {
			isa = XCBuildConfiguration;
			buildSettings = {
				ASSETCATALOG_COMPILER_APPICON_NAME = AppIcon;
				CODE_SIGN_STYLE = Automatic;
				INFOPLIST_FILE = 1105Test1/Info.plist;
				LD_RUNPATH_SEARCH_PATHS = (
					"$(inherited)",
					"@executable_path/Frameworks",
				);
				PRODUCT_BUNDLE_IDENTIFIER = "-.-105Test1";
				PRODUCT_NAME = "$(TARGET_NAME)";
				SWIFT_VERSION = 4.2;
				TARGETED_DEVICE_FAMILY = "1,2";
			};
			name = Release;
		};
/* End XCBuildConfiguration section */

/* Begin XCConfigurationList section */
		FDAC30CD23712FE2007EB9B2 /* Build configuration list for PBXProject "1105Test1" */ = {
			isa = XCConfigurationList;
			buildConfigurations = (
				FDAC30E523712FE3007EB9B2 /* Debug */,
				FDAC30E623712FE3007EB9B2 /* Release */,
			);
			defaultConfigurationIsVisible = 0;
			defaultConfigurationName = Release;
		};
		FDAC30E723712FE3007EB9B2 /* Build configuration list for PBXNativeTarget "1105Test1" */ = {
			isa = XCConfigurationList;
			buildConfigurations = (
				FDAC30E823712FE3007EB9B2 /* Debug */,
				FDAC30E923712FE3007EB9B2 /* Release */,
			);
			defaultConfigurationIsVisible = 0;
			defaultConfigurationName = Release;
		};
/* End XCConfigurationList section */

/* Begin XCVersionGroup section */
		FDAC30DC23712FE2007EB9B2 /* _105Test1.xcdatamodeld */ = {
			isa = XCVersionGroup;
			children = (
				FDAC30DD23712FE2007EB9B2 /* _105Test1.xcdatamodel */,
			);
			currentVersion = FDAC30DD23712FE2007EB9B2 /* _105Test1.xcdatamodel */;
			path = _105Test1.xcdatamodeld;
			sourceTree = "<group>";
			versionGroupType = wrapper.xcdatamodel;
		};
/* End XCVersionGroup section */
	};
	rootObject = FDAC30CA23712FE2007EB9B2 /* Project object */;
}
